
Microsoft Visual Studio Solution File, Format Version 12.00
# Visual Studio Version 17
VisualStudioVersion = 17.9.34616.47
MinimumVisualStudioVersion = 10.0.40219.1
Project("{FAE04EC0-301F-11D3-BF4B-00C04F79EFBC}") = "Spedizioni", "Spedizioni\Spedizioni.csproj", "{A373B929-69EC-4E79-A4A0-D4D4F62A9294}"
EndProject
Global
	GlobalSection(SolutionConfigurationPlatforms) = preSolution
		Debug|Any CPU = Debug|Any CPU
		Release|Any CPU = Release|Any CPU
	EndGlobalSection
	GlobalSection(ProjectConfigurationPlatforms) = postSolution
		{A373B929-69EC-4E79-A4A0-D4D4F62A9294}.Debug|Any CPU.ActiveCfg = Debug|Any CPU
		{A373B929-69EC-4E79-A4A0-D4D4F62A9294}.Debug|Any CPU.Build.0 = Debug|Any CPU
		{A373B929-69EC-4E79-A4A0-D4D4F62A9294}.Release|Any CPU.ActiveCfg = Release|Any CPU
		{A373B929-69EC-4E79-A4A0-D4D4F62A9294}.Release|Any CPU.Build.0 = Release|Any CPU
	EndGlobalSection
	GlobalSection(SolutionProperties) = preSolution
		HideSolutionNode = FALSE
	EndGlobalSection
	GlobalSection(ExtensibilityGlobals) = postSolution
		SolutionGuid = {840BD0FA-ABDA-41D2-AE87-7DE2396DBCC3}
	EndGlobalSection
EndGlobal
